
Microsoft Visual Studio Solution File, Format Version 12.00
# Visual Studio Version 17
VisualStudioVersion = 17.3.32825.248
MinimumVisualStudioVersion = 10.0.40219.1
Project("{FAE04EC0-301F-11D3-BF4B-00C04F79EFBC}") = "Q1", "Q1\Q1.csproj", "{1DECE2B1-F1FB-4FDF-A4C3-FFC9C5667CAA}"
EndProject
Project("{FAE04EC0-301F-11D3-BF4B-00C04F79EFBC}") = "Q2", "Q2\Q2.csproj", "{C794B100-3662-4908-979B-534E8748829A}"
EndProject
Project("{FAE04EC0-301F-11D3-BF4B-00C04F79EFBC}") = "Q3", "Q3\Q3.csproj", "{21C88CE6-11C6-4C99-82B4-4DD307C0D6C8}"
EndProject
Project("{FAE04EC0-301F-11D3-BF4B-00C04F79EFBC}") = "Q4", "Q4\Q4.csproj", "{1B4C2897-654F-40DC-9FDF-A23F1AC22A47}"
EndProject
Project("{FAE04EC0-301F-11D3-BF4B-00C04F79EFBC}") = "Q5", "Q5\Q5.csproj", "{B6F863ED-90EC-455D-8BA3-C1856CCF3B5B}"
EndProject
Project("{FAE04EC0-301F-11D3-BF4B-00C04F79EFBC}") = "Q6", "Q6\Q6.csproj", "{93313B57-7A68-4C5B-A12C-1415A37CD5BB}"
EndProject
Project("{FAE04EC0-301F-11D3-BF4B-00C04F79EFBC}") = "Q7", "Q7\Q7.csproj", "{4F8DB506-42CC-4CC9-816B-B323B51799C2}"
EndProject
Project("{FAE04EC0-301F-11D3-BF4B-00C04F79EFBC}") = "Q8", "Q8\Q8.csproj", "{22942E52-CFB2-4730-84AB-4FAF3F172E3A}"
EndProject
Global
	GlobalSection(SolutionConfigurationPlatforms) = preSolution
		Debug|Any CPU = Debug|Any CPU
		Release|Any CPU = Release|Any CPU
	EndGlobalSection
	GlobalSection(ProjectConfigurationPlatforms) = postSolution
		{1DECE2B1-F1FB-4FDF-A4C3-FFC9C5667CAA}.Debug|Any CPU.ActiveCfg = Debug|Any CPU
		{1DECE2B1-F1FB-4FDF-A4C3-FFC9C5667CAA}.Debug|Any CPU.Build.0 = Debug|Any CPU
		{1DECE2B1-F1FB-4FDF-A4C3-FFC9C5667CAA}.Release|Any CPU.ActiveCfg = Release|Any CPU
		{1DECE2B1-F1FB-4FDF-A4C3-FFC9C5667CAA}.Release|Any CPU.Build.0 = Release|Any CPU
		{C794B100-3662-4908-979B-534E8748829A}.Debug|Any CPU.ActiveCfg = Debug|Any CPU
		{C794B100-3662-4908-979B-534E8748829A}.Debug|Any CPU.Build.0 = Debug|Any CPU
		{C794B100-3662-4908-979B-534E8748829A}.Release|Any CPU.ActiveCfg = Release|Any CPU
		{C794B100-3662-4908-979B-534E8748829A}.Release|Any CPU.Build.0 = Release|Any CPU
		{21C88CE6-11C6-4C99-82B4-4DD307C0D6C8}.Debug|Any CPU.ActiveCfg = Debug|Any CPU
		{21C88CE6-11C6-4C99-82B4-4DD307C0D6C8}.Debug|Any CPU.Build.0 = Debug|Any CPU
		{21C88CE6-11C6-4C99-82B4-4DD307C0D6C8}.Release|Any CPU.ActiveCfg = Release|Any CPU
		{21C88CE6-11C6-4C99-82B4-4DD307C0D6C8}.Release|Any CPU.Build.0 = Release|Any CPU
		{1B4C2897-654F-40DC-9FDF-A23F1AC22A47}.Debug|Any CPU.ActiveCfg = Debug|Any CPU
		{1B4C2897-654F-40DC-9FDF-A23F1AC22A47}.Debug|Any CPU.Build.0 = Debug|Any CPU
		{1B4C2897-654F-40DC-9FDF-A23F1AC22A47}.Release|Any CPU.ActiveCfg = Release|Any CPU
		{1B4C2897-654F-40DC-9FDF-A23F1AC22A47}.Release|Any CPU.Build.0 = Release|Any CPU
		{B6F863ED-90EC-455D-8BA3-C1856CCF3B5B}.Debug|Any CPU.ActiveCfg = Debug|Any CPU
		{B6F863ED-90EC-455D-8BA3-C1856CCF3B5B}.Debug|Any CPU.Build.0 = Debug|Any CPU
		{B6F863ED-90EC-455D-8BA3-C1856CCF3B5B}.Release|Any CPU.ActiveCfg = Release|Any CPU
		{B6F863ED-90EC-455D-8BA3-C1856CCF3B5B}.Release|Any CPU.Build.0 = Release|Any CPU
		{93313B57-7A68-4C5B-A12C-1415A37CD5BB}.Debug|Any CPU.ActiveCfg = Debug|Any CPU
		{93313B57-7A68-4C5B-A12C-1415A37CD5BB}.Debug|Any CPU.Build.0 = Debug|Any CPU
		{93313B57-7A68-4C5B-A12C-1415A37CD5BB}.Release|Any CPU.ActiveCfg = Release|Any CPU
		{93313B57-7A68-4C5B-A12C-1415A37CD5BB}.Release|Any CPU.Build.0 = Release|Any CPU
		{4F8DB506-42CC-4CC9-816B-B323B51799C2}.Debug|Any CPU.ActiveCfg = Debug|Any CPU
		{4F8DB506-42CC-4CC9-816B-B323B51799C2}.Debug|Any CPU.Build.0 = Debug|Any CPU
		{4F8DB506-42CC-4CC9-816B-B323B51799C2}.Release|Any CPU.ActiveCfg = Release|Any CPU
		{4F8DB506-42CC-4CC9-816B-B323B51799C2}.Release|Any CPU.Build.0 = Release|Any CPU
		{22942E52-CFB2-4730-84AB-4FAF3F172E3A}.Debug|Any CPU.ActiveCfg = Debug|Any CPU
		{22942E52-CFB2-4730-84AB-4FAF3F172E3A}.Debug|Any CPU.Build.0 = Debug|Any CPU
		{22942E52-CFB2-4730-84AB-4FAF3F172E3A}.Release|Any CPU.ActiveCfg = Release|Any CPU
		{22942E52-CFB2-4730-84AB-4FAF3F172E3A}.Release|Any CPU.Build.0 = Release|Any CPU
	EndGlobalSection
	GlobalSection(SolutionProperties) = preSolution
		HideSolutionNode = FALSE
	EndGlobalSection
	GlobalSection(ExtensibilityGlobals) = postSolution
		SolutionGuid = {82BD94EB-3CDD-4B81-9BF7-D5075BFC96C7}
	EndGlobalSection
EndGlobal
